
Microsoft Visual Studio Solution File, Format Version 12.00
# Visual Studio Version 16
VisualStudioVersion = 16.0.31019.35
MinimumVisualStudioVersion = 15.0.26124.0
Project("{9A19103F-16F7-4668-BE54-9A1E7A4F7556}") = "SportsStore", "SportsStore\SportsStore.csproj", "{73C413AA-913E-456A-801C-E82D4DE3227A}"
EndProject
Project("{9A19103F-16F7-4668-BE54-9A1E7A4F7556}") = "SportsStore.Tests", "SportsStore.Tests\SportsStore.Tests.csproj", "{F37208EF-274E-4BCE-B6C8-4AAACBFE7E80}"
EndProject
Global
	GlobalSection(SolutionConfigurationPlatforms) = preSolution
		Debug|Any CPU = Debug|Any CPU
		Debug|x64 = Debug|x64
		Debug|x86 = Debug|x86
		Release|Any CPU = Release|Any CPU
		Release|x64 = Release|x64
		Release|x86 = Release|x86
	EndGlobalSection
	GlobalSection(ProjectConfigurationPlatforms) = postSolution
		{73C413AA-913E-456A-801C-E82D4DE3227A}.Debug|Any CPU.ActiveCfg = Debug|Any CPU
		{73C413AA-913E-456A-801C-E82D4DE3227A}.Debug|Any CPU.Build.0 = Debug|Any CPU
		{73C413AA-913E-456A-801C-E82D4DE3227A}.Debug|x64.ActiveCfg = Debug|Any CPU
		{73C413AA-913E-456A-801C-E82D4DE3227A}.Debug|x64.Build.0 = Debug|Any CPU
		{73C413AA-913E-456A-801C-E82D4DE3227A}.Debug|x86.ActiveCfg = Debug|Any CPU
		{73C413AA-913E-456A-801C-E82D4DE3227A}.Debug|x86.Build.0 = Debug|Any CPU
		{73C413AA-913E-456A-801C-E82D4DE3227A}.Release|Any CPU.ActiveCfg = Release|Any CPU
		{73C413AA-913E-456A-801C-E82D4DE3227A}.Release|Any CPU.Build.0 = Release|Any CPU
		{73C413AA-913E-456A-801C-E82D4DE3227A}.Release|x64.ActiveCfg = Release|Any CPU
		{73C413AA-913E-456A-801C-E82D4DE3227A}.Release|x64.Build.0 = Release|Any CPU
		{73C413AA-913E-456A-801C-E82D4DE3227A}.Release|x86.ActiveCfg = Release|Any CPU
		{73C413AA-913E-456A-801C-E82D4DE3227A}.Release|x86.Build.0 = Release|Any CPU
		{F37208EF-274E-4BCE-B6C8-4AAACBFE7E80}.Debug|Any CPU.ActiveCfg = Debug|Any CPU
		{F37208EF-274E-4BCE-B6C8-4AAACBFE7E80}.Debug|Any CPU.Build.0 = Debug|Any CPU
		{F37208EF-274E-4BCE-B6C8-4AAACBFE7E80}.Debug|x64.ActiveCfg = Debug|Any CPU
		{F37208EF-274E-4BCE-B6C8-4AAACBFE7E80}.Debug|x64.Build.0 = Debug|Any CPU
		{F37208EF-274E-4BCE-B6C8-4AAACBFE7E80}.Debug|x86.ActiveCfg = Debug|Any CPU
		{F37208EF-274E-4BCE-B6C8-4AAACBFE7E80}.Debug|x86.Build.0 = Debug|Any CPU
		{F37208EF-274E-4BCE-B6C8-4AAACBFE7E80}.Release|Any CPU.ActiveCfg = Release|Any CPU
		{F37208EF-274E-4BCE-B6C8-4AAACBFE7E80}.Release|Any CPU.Build.0 = Release|Any CPU
		{F37208EF-274E-4BCE-B6C8-4AAACBFE7E80}.Release|x64.ActiveCfg = Release|Any CPU
		{F37208EF-274E-4BCE-B6C8-4AAACBFE7E80}.Release|x64.Build.0 = Release|Any CPU
		{F37208EF-274E-4BCE-B6C8-4AAACBFE7E80}.Release|x86.ActiveCfg = Release|Any CPU
		{F37208EF-274E-4BCE-B6C8-4AAACBFE7E80}.Release|x86.Build.0 = Release|Any CPU
	EndGlobalSection
	GlobalSection(SolutionProperties) = preSolution
		HideSolutionNode = FALSE
	EndGlobalSection
	GlobalSection(ExtensibilityGlobals) = postSolution
		SolutionGuid = {4DFC1A3B-C932-43D2-AFA7-D012F971D5C1}
	EndGlobalSection
EndGlobal
